{
  "schema": 1,
  "inputs": {
    "resolvers": {
      "rootbeer": {
        "type": "repository",
        "url": "https://pdr.rbpkg.com/v3/current.json",
        "public_key": "028c5b185fb63ea61128a0bf6fb0decc8b700020561db08d82a998c7d0493bc0",
        "root": "d538132123ea99f5eca30d21dfb728f34ef7593d117f9dac130516e4c0c9cb0c"
      }
    }
  },
  "input_fingerprint": "0025c866428dceefd915bb07aeeeeed61936b01bfeae9948e78d7ee814052852",
  "resolutions": {
    "b6d5c0a8a2b6af5344f1610de6956d5755ad7c9d216da48a15a644112c80582c": {
      "package": "rootbeer@0.1.0-main+74bb4473b039",
      "proof": {
        "type": "package_record",
        "record": "87245bd435ed300f9b9b463221b42e3f79197a57464c5d63ecde2724100959ee",
        "public_key": "028c5b185fb63ea61128a0bf6fb0decc8b700020561db08d82a998c7d0493bc0",
        "system": "x86_64-linux"
      }
    }
  },
  "packages": {
    "rootbeer@0.1.0-main+74bb4473b039": {
      "name": "rootbeer",
      "version": "0.1.0-main+74bb4473b039",
      "source": {
        "Url": {
          "url": "ghcr://rootbeer-org/pdr/rootbeer@sha256:1cea3a799a70c06ad7c624592f35d4aa89e6845b27b92807c9461576b2ead9ab",
          "sha256": "1cea3a799a70c06ad7c624592f35d4aa89e6845b27b92807c9461576b2ead9ab"
        }
      },
      "install": {
        "Archive": {
          "format": "TarGz",
          "strip_prefix": null
        }
      },
      "provides": {
        "bins": {
          "rb": "bin/rb",
          "rb-store": "bin/rb-store",
          "rootbeer-forge": "bin/rootbeer-forge"
        }
      },
      "output_sha256": "484a11b0c832591ac87af4b52b36334fdeb98c472b3af485534e2dc1b6040e1b"
    }
  }
}
